
Microsoft Visual Studio Solution File, Format Version 12.00
# Visual Studio 2013
VisualStudioVersion = 12.0.21005.1
MinimumVisualStudioVersion = 10.0.40219.1
Project("{FAE04EC0-301F-11D3-BF4B-00C04F79EFBC}") = "PerformanceClass", "PerformanceClass\PerformanceClass.csproj", "{A1618326-6435-445A-BB41-0A9F2A51203E}"
EndProject
Project("{FAE04EC0-301F-11D3-BF4B-00C04F79EFBC}") = "MVCWebApi", "MVCWebApi\MVCWebApi.csproj", "{DF674629-9319-4220-A3AE-54E288482950}"
EndProject
Global
	GlobalSection(SolutionConfigurationPlatforms) = preSolution
		Debug|Any CPU = Debug|Any CPU
		Release|Any CPU = Release|Any CPU
	EndGlobalSection
	GlobalSection(ProjectConfigurationPlatforms) = postSolution
		{A1618326-6435-445A-BB41-0A9F2A51203E}.Debug|Any CPU.ActiveCfg = Debug|Any CPU
		{A1618326-6435-445A-BB41-0A9F2A51203E}.Debug|Any CPU.Build.0 = Debug|Any CPU
		{A1618326-6435-445A-BB41-0A9F2A51203E}.Release|Any CPU.ActiveCfg = Release|Any CPU
		{A1618326-6435-445A-BB41-0A9F2A51203E}.Release|Any CPU.Build.0 = Release|Any CPU
		{DF674629-9319-4220-A3AE-54E288482950}.Debug|Any CPU.ActiveCfg = Debug|Any CPU
		{DF674629-9319-4220-A3AE-54E288482950}.Debug|Any CPU.Build.0 = Debug|Any CPU
		{DF674629-9319-4220-A3AE-54E288482950}.Release|Any CPU.ActiveCfg = Release|Any CPU
		{DF674629-9319-4220-A3AE-54E288482950}.Release|Any CPU.Build.0 = Release|Any CPU
	EndGlobalSection
	GlobalSection(SolutionProperties) = preSolution
		HideSolutionNode = FALSE
	EndGlobalSection
EndGlobal
